
Microsoft Visual Studio Solution File, Format Version 12.00
# Visual Studio Version 17
VisualStudioVersion = 17.4.33103.184
MinimumVisualStudioVersion = 10.0.40219.1
Project("{FAE04EC0-301F-11D3-BF4B-00C04F79EFBC}") = "DesignPatternsBookChapter10", "DesignPatternsBookChapter10.csproj", "{62123DEF-58D4-4379-A26B-300C2217B6F7}"
EndProject
Global
	GlobalSection(SolutionConfigurationPlatforms) = preSolution
		Debug|Any CPU = Debug|Any CPU
		Release|Any CPU = Release|Any CPU
	EndGlobalSection
	GlobalSection(ProjectConfigurationPlatforms) = postSolution
		{62123DEF-58D4-4379-A26B-300C2217B6F7}.Debug|Any CPU.ActiveCfg = Debug|Any CPU
		{62123DEF-58D4-4379-A26B-300C2217B6F7}.Debug|Any CPU.Build.0 = Debug|Any CPU
		{62123DEF-58D4-4379-A26B-300C2217B6F7}.Release|Any CPU.ActiveCfg = Release|Any CPU
		{62123DEF-58D4-4379-A26B-300C2217B6F7}.Release|Any CPU.Build.0 = Release|Any CPU
	EndGlobalSection
	GlobalSection(SolutionProperties) = preSolution
		HideSolutionNode = FALSE
	EndGlobalSection
	GlobalSection(ExtensibilityGlobals) = postSolution
		SolutionGuid = {D6C0ACD4-4391-4F94-8A0B-A5B607E6C08F}
	EndGlobalSection
EndGlobal
