
Microsoft Visual Studio Solution File, Format Version 12.00
# Visual Studio Version 17
VisualStudioVersion = 17.7.34024.191
MinimumVisualStudioVersion = 10.0.40219.1
Project("{9A19103F-16F7-4668-BE54-9A1E7A4F7556}") = "Chapter7", "Chapter7.csproj", "{40E914EC-4391-4FD5-8E2E-7EEA3E152301}"
EndProject
Global
	GlobalSection(SolutionConfigurationPlatforms) = preSolution
		Debug|Any CPU = Debug|Any CPU
		Release|Any CPU = Release|Any CPU
	EndGlobalSection
	GlobalSection(ProjectConfigurationPlatforms) = postSolution
		{40E914EC-4391-4FD5-8E2E-7EEA3E152301}.Debug|Any CPU.ActiveCfg = Debug|Any CPU
		{40E914EC-4391-4FD5-8E2E-7EEA3E152301}.Debug|Any CPU.Build.0 = Debug|Any CPU
		{40E914EC-4391-4FD5-8E2E-7EEA3E152301}.Release|Any CPU.ActiveCfg = Release|Any CPU
		{40E914EC-4391-4FD5-8E2E-7EEA3E152301}.Release|Any CPU.Build.0 = Release|Any CPU
	EndGlobalSection
	GlobalSection(SolutionProperties) = preSolution
		HideSolutionNode = FALSE
	EndGlobalSection
	GlobalSection(ExtensibilityGlobals) = postSolution
		SolutionGuid = {75E220BD-8AA6-4EDA-A6E1-3761535EE01E}
	EndGlobalSection
EndGlobal
