
Microsoft Visual Studio Solution File, Format Version 12.00
# Visual Studio Version 17
VisualStudioVersion = 17.7.34024.191
MinimumVisualStudioVersion = 10.0.40219.1
Project("{FAE04EC0-301F-11D3-BF4B-00C04F79EFBC}") = "ChapterOne1.24", "ChapterOne1.24.csproj", "{89343CF2-B893-473D-B8D3-D1633944D530}"
EndProject
Global
	GlobalSection(SolutionConfigurationPlatforms) = preSolution
		Debug|Any CPU = Debug|Any CPU
		Release|Any CPU = Release|Any CPU
	EndGlobalSection
	GlobalSection(ProjectConfigurationPlatforms) = postSolution
		{89343CF2-B893-473D-B8D3-D1633944D530}.Debug|Any CPU.ActiveCfg = Debug|Any CPU
		{89343CF2-B893-473D-B8D3-D1633944D530}.Debug|Any CPU.Build.0 = Debug|Any CPU
		{89343CF2-B893-473D-B8D3-D1633944D530}.Release|Any CPU.ActiveCfg = Release|Any CPU
		{89343CF2-B893-473D-B8D3-D1633944D530}.Release|Any CPU.Build.0 = Release|Any CPU
	EndGlobalSection
	GlobalSection(SolutionProperties) = preSolution
		HideSolutionNode = FALSE
	EndGlobalSection
	GlobalSection(ExtensibilityGlobals) = postSolution
		SolutionGuid = {C5D2D084-3E20-493A-BADC-882E48B8D800}
	EndGlobalSection
EndGlobal
