
Microsoft Visual Studio Solution File, Format Version 12.00
# Visual Studio Version 17
VisualStudioVersion = 17.7.34024.191
MinimumVisualStudioVersion = 10.0.40219.1
Project("{FAE04EC0-301F-11D3-BF4B-00C04F79EFBC}") = "ChapterOne1.20", "ChapterOne1.20.csproj", "{6445D08B-1B9D-4794-9386-8B5468CBD31A}"
EndProject
Global
	GlobalSection(SolutionConfigurationPlatforms) = preSolution
		Debug|Any CPU = Debug|Any CPU
		Release|Any CPU = Release|Any CPU
	EndGlobalSection
	GlobalSection(ProjectConfigurationPlatforms) = postSolution
		{6445D08B-1B9D-4794-9386-8B5468CBD31A}.Debug|Any CPU.ActiveCfg = Debug|Any CPU
		{6445D08B-1B9D-4794-9386-8B5468CBD31A}.Debug|Any CPU.Build.0 = Debug|Any CPU
		{6445D08B-1B9D-4794-9386-8B5468CBD31A}.Release|Any CPU.ActiveCfg = Release|Any CPU
		{6445D08B-1B9D-4794-9386-8B5468CBD31A}.Release|Any CPU.Build.0 = Release|Any CPU
	EndGlobalSection
	GlobalSection(SolutionProperties) = preSolution
		HideSolutionNode = FALSE
	EndGlobalSection
	GlobalSection(ExtensibilityGlobals) = postSolution
		SolutionGuid = {CBC7F3DE-C616-4463-A9CE-F9DB355E7FF6}
	EndGlobalSection
EndGlobal
