
Microsoft Visual Studio Solution File, Format Version 12.00
# Visual Studio Version 17
VisualStudioVersion = 17.7.34024.191
MinimumVisualStudioVersion = 10.0.40219.1
Project("{FAE04EC0-301F-11D3-BF4B-00C04F79EFBC}") = "ChapterOneErrorHandling", "ChapterOneErrorHandling.csproj", "{B20ED0F8-DCB8-4EEB-B9E8-26F2087A142A}"
EndProject
Global
	GlobalSection(SolutionConfigurationPlatforms) = preSolution
		Debug|Any CPU = Debug|Any CPU
		Release|Any CPU = Release|Any CPU
	EndGlobalSection
	GlobalSection(ProjectConfigurationPlatforms) = postSolution
		{B20ED0F8-DCB8-4EEB-B9E8-26F2087A142A}.Debug|Any CPU.ActiveCfg = Debug|Any CPU
		{B20ED0F8-DCB8-4EEB-B9E8-26F2087A142A}.Debug|Any CPU.Build.0 = Debug|Any CPU
		{B20ED0F8-DCB8-4EEB-B9E8-26F2087A142A}.Release|Any CPU.ActiveCfg = Release|Any CPU
		{B20ED0F8-DCB8-4EEB-B9E8-26F2087A142A}.Release|Any CPU.Build.0 = Release|Any CPU
	EndGlobalSection
	GlobalSection(SolutionProperties) = preSolution
		HideSolutionNode = FALSE
	EndGlobalSection
	GlobalSection(ExtensibilityGlobals) = postSolution
		SolutionGuid = {28F6A5EA-206F-4130-8643-5A8E49A20D4B}
	EndGlobalSection
EndGlobal
