
Microsoft Visual Studio Solution File, Format Version 12.00
# Visual Studio Version 17
VisualStudioVersion = 17.7.34024.191
MinimumVisualStudioVersion = 10.0.40219.1
Project("{9A19103F-16F7-4668-BE54-9A1E7A4F7556}") = "Chapterr9", "Chapterr9.csproj", "{29CCAC62-ED3B-48AF-9C92-E33B17E14B66}"
EndProject
Global
	GlobalSection(SolutionConfigurationPlatforms) = preSolution
		Debug|Any CPU = Debug|Any CPU
		Release|Any CPU = Release|Any CPU
	EndGlobalSection
	GlobalSection(ProjectConfigurationPlatforms) = postSolution
		{29CCAC62-ED3B-48AF-9C92-E33B17E14B66}.Debug|Any CPU.ActiveCfg = Debug|Any CPU
		{29CCAC62-ED3B-48AF-9C92-E33B17E14B66}.Debug|Any CPU.Build.0 = Debug|Any CPU
		{29CCAC62-ED3B-48AF-9C92-E33B17E14B66}.Release|Any CPU.ActiveCfg = Release|Any CPU
		{29CCAC62-ED3B-48AF-9C92-E33B17E14B66}.Release|Any CPU.Build.0 = Release|Any CPU
	EndGlobalSection
	GlobalSection(SolutionProperties) = preSolution
		HideSolutionNode = FALSE
	EndGlobalSection
	GlobalSection(ExtensibilityGlobals) = postSolution
		SolutionGuid = {2ED37BDE-4B7F-4109-81CB-5509AED925F8}
	EndGlobalSection
EndGlobal
