
Microsoft Visual Studio Solution File, Format Version 12.00
# Visual Studio Version 17
VisualStudioVersion = 17.7.34024.191
MinimumVisualStudioVersion = 10.0.40219.1
Project("{FAE04EC0-301F-11D3-BF4B-00C04F79EFBC}") = "ChapterOne1.13", "ChapterOne1.13.csproj", "{1E1B5AB5-739B-462E-98DA-ED9D0D60AAE8}"
EndProject
Global
	GlobalSection(SolutionConfigurationPlatforms) = preSolution
		Debug|Any CPU = Debug|Any CPU
		Release|Any CPU = Release|Any CPU
	EndGlobalSection
	GlobalSection(ProjectConfigurationPlatforms) = postSolution
		{1E1B5AB5-739B-462E-98DA-ED9D0D60AAE8}.Debug|Any CPU.ActiveCfg = Debug|Any CPU
		{1E1B5AB5-739B-462E-98DA-ED9D0D60AAE8}.Debug|Any CPU.Build.0 = Debug|Any CPU
		{1E1B5AB5-739B-462E-98DA-ED9D0D60AAE8}.Release|Any CPU.ActiveCfg = Release|Any CPU
		{1E1B5AB5-739B-462E-98DA-ED9D0D60AAE8}.Release|Any CPU.Build.0 = Release|Any CPU
	EndGlobalSection
	GlobalSection(SolutionProperties) = preSolution
		HideSolutionNode = FALSE
	EndGlobalSection
	GlobalSection(ExtensibilityGlobals) = postSolution
		SolutionGuid = {800F06A4-DB1B-400F-B23C-61E6E5A56FB0}
	EndGlobalSection
EndGlobal
