
Microsoft Visual Studio Solution File, Format Version 12.00
# Visual Studio Version 17
VisualStudioVersion = 17.7.34024.191
MinimumVisualStudioVersion = 10.0.40219.1
Project("{FAE04EC0-301F-11D3-BF4B-00C04F79EFBC}") = "ChapterOne1.22", "ChapterOne1.22.csproj", "{E3A9DAA6-5AB0-42DA-88F2-6BB9BAD40CB4}"
EndProject
Global
	GlobalSection(SolutionConfigurationPlatforms) = preSolution
		Debug|Any CPU = Debug|Any CPU
		Release|Any CPU = Release|Any CPU
	EndGlobalSection
	GlobalSection(ProjectConfigurationPlatforms) = postSolution
		{E3A9DAA6-5AB0-42DA-88F2-6BB9BAD40CB4}.Debug|Any CPU.ActiveCfg = Debug|Any CPU
		{E3A9DAA6-5AB0-42DA-88F2-6BB9BAD40CB4}.Debug|Any CPU.Build.0 = Debug|Any CPU
		{E3A9DAA6-5AB0-42DA-88F2-6BB9BAD40CB4}.Release|Any CPU.ActiveCfg = Release|Any CPU
		{E3A9DAA6-5AB0-42DA-88F2-6BB9BAD40CB4}.Release|Any CPU.Build.0 = Release|Any CPU
	EndGlobalSection
	GlobalSection(SolutionProperties) = preSolution
		HideSolutionNode = FALSE
	EndGlobalSection
	GlobalSection(ExtensibilityGlobals) = postSolution
		SolutionGuid = {27C7F306-B28F-4405-BCA9-35C043B8ACD2}
	EndGlobalSection
EndGlobal
